
Microsoft Visual Studio Solution File, Format Version 12.00
# Visual Studio Version 17
VisualStudioVersion = 17.10.35122.118
MinimumVisualStudioVersion = 10.0.40219.1
Project("{9A19103F-16F7-4668-BE54-9A1E7A4F7556}") = "AnimeCategories", "AnimeCategories\AnimeCategories.csproj", "{1601BF23-0110-4CA1-BD23-AA075A0185F6}"
EndProject
Project("{9A19103F-16F7-4668-BE54-9A1E7A4F7556}") = "Classes", "Classes\Classes.csproj", "{BB382B02-8B66-47B3-BEFD-BC763DE7DAB4}"
EndProject
Project("{9A19103F-16F7-4668-BE54-9A1E7A4F7556}") = "BusinessLayer", "BusinessLayer\BusinessLayer.csproj", "{F7EEC15F-E06A-4DAF-B42B-7F367F9C5C5C}"
EndProject
Project("{9A19103F-16F7-4668-BE54-9A1E7A4F7556}") = "DataLayer", "DataLayer\DataLayer.csproj", "{88628424-69AE-46AA-939D-A1763D5D765F}"
EndProject
Project("{FAE04EC0-301F-11D3-BF4B-00C04F79EFBC}") = "AnimeDeserializer", "AnimeDeserializer\AnimeDeserializer.csproj", "{796B7C1C-35EC-4F04-BC85-2D874691A4EF}"
EndProject
Global
	GlobalSection(SolutionConfigurationPlatforms) = preSolution
		Debug|Any CPU = Debug|Any CPU
		Release|Any CPU = Release|Any CPU
	EndGlobalSection
	GlobalSection(ProjectConfigurationPlatforms) = postSolution
		{1601BF23-0110-4CA1-BD23-AA075A0185F6}.Debug|Any CPU.ActiveCfg = Debug|Any CPU
		{1601BF23-0110-4CA1-BD23-AA075A0185F6}.Debug|Any CPU.Build.0 = Debug|Any CPU
		{1601BF23-0110-4CA1-BD23-AA075A0185F6}.Release|Any CPU.ActiveCfg = Release|Any CPU
		{1601BF23-0110-4CA1-BD23-AA075A0185F6}.Release|Any CPU.Build.0 = Release|Any CPU
		{BB382B02-8B66-47B3-BEFD-BC763DE7DAB4}.Debug|Any CPU.ActiveCfg = Debug|Any CPU
		{BB382B02-8B66-47B3-BEFD-BC763DE7DAB4}.Debug|Any CPU.Build.0 = Debug|Any CPU
		{BB382B02-8B66-47B3-BEFD-BC763DE7DAB4}.Release|Any CPU.ActiveCfg = Release|Any CPU
		{BB382B02-8B66-47B3-BEFD-BC763DE7DAB4}.Release|Any CPU.Build.0 = Release|Any CPU
		{F7EEC15F-E06A-4DAF-B42B-7F367F9C5C5C}.Debug|Any CPU.ActiveCfg = Debug|Any CPU
		{F7EEC15F-E06A-4DAF-B42B-7F367F9C5C5C}.Debug|Any CPU.Build.0 = Debug|Any CPU
		{F7EEC15F-E06A-4DAF-B42B-7F367F9C5C5C}.Release|Any CPU.ActiveCfg = Release|Any CPU
		{F7EEC15F-E06A-4DAF-B42B-7F367F9C5C5C}.Release|Any CPU.Build.0 = Release|Any CPU
		{88628424-69AE-46AA-939D-A1763D5D765F}.Debug|Any CPU.ActiveCfg = Debug|Any CPU
		{88628424-69AE-46AA-939D-A1763D5D765F}.Debug|Any CPU.Build.0 = Debug|Any CPU
		{88628424-69AE-46AA-939D-A1763D5D765F}.Release|Any CPU.ActiveCfg = Release|Any CPU
		{88628424-69AE-46AA-939D-A1763D5D765F}.Release|Any CPU.Build.0 = Release|Any CPU
		{796B7C1C-35EC-4F04-BC85-2D874691A4EF}.Debug|Any CPU.ActiveCfg = Debug|Any CPU
		{796B7C1C-35EC-4F04-BC85-2D874691A4EF}.Debug|Any CPU.Build.0 = Debug|Any CPU
		{796B7C1C-35EC-4F04-BC85-2D874691A4EF}.Release|Any CPU.ActiveCfg = Release|Any CPU
		{796B7C1C-35EC-4F04-BC85-2D874691A4EF}.Release|Any CPU.Build.0 = Release|Any CPU
	EndGlobalSection
	GlobalSection(SolutionProperties) = preSolution
		HideSolutionNode = FALSE
	EndGlobalSection
	GlobalSection(ExtensibilityGlobals) = postSolution
		SolutionGuid = {EC99E467-C03F-403C-BDC4-B70055352247}
	EndGlobalSection
EndGlobal
